{
    "_readme": [
        "This file locks the dependencies of your project to a known state",
        "Read more about it at https://getcomposer.org/doc/01-basic-usage.md#composer-lock-the-lock-file",
        "This file is @generated automatically"
    ],
    "hash": "a1d836641f1316e0f2f0a656a78f6767",
    "packages": [
        {
            "name": "rlanvin/php-rrule",
            "version": "v1.2.0",
            "source": {
                "type": "git",
                "url": "https://github.com/rlanvin/php-rrule.git",
                "reference": "33fe88ff9ec27205e7802b560764207eb48564c7"
            },
            "dist": {
                "type": "zip",
                "url": "https://api.github.com/repos/rlanvin/php-rrule/zipball/33fe88ff9ec27205e7802b560764207eb48564c7",
                "reference": "33fe88ff9ec27205e7802b560764207eb48564c7",
                "shasum": ""
            },
            "require": {
                "php": ">=5.3.0"
            },
            "suggest": {
                "ext-intl": "Intl extension is needed for humanReadable()"
            },
            "type": "library",
            "autoload": {
                "psr-4": {
                    "RRule\\": "src/"
                }
            },
            "notification-url": "https://packagist.org/downloads/",
            "license": [
                "MIT"
            ],
            "description": "Lightweight and fast recurrence rules for PHP (RFC 5545)",
            "homepage": "https://github.com/rlanvin/php-rrule",
            "keywords": [
                "date",
                "ical",
                "recurrence",
                "recurring",
                "rrule"
            ],
            "time": "2016-04-09 15:37:43"
        }
    ],
    "packages-dev": [
        {
            "name": "mikey179/vfsStream",
            "version": "v1.1.0",
            "source": {
                "type": "git",
                "url": "https://github.com/mikey179/vfsStream.git",
                "reference": "fc0fe8f4d0b527254a2dc45f0c265567c881d07e"
            },
            "dist": {
                "type": "zip",
                "url": "https://api.github.com/repos/mikey179/vfsStream/zipball/fc0fe8f4d0b527254a2dc45f0c265567c881d07e",
                "reference": "fc0fe8f4d0b527254a2dc45f0c265567c881d07e",
                "shasum": ""
            },
            "require": {
                "php": ">=5.3.0"
            },
            "type": "library",
            "autoload": {
                "psr-0": {
                    "org\\bovigo\\vfs": "src/main/php"
                }
            },
            "notification-url": "https://packagist.org/downloads/",
            "license": [
                "BSD"
            ],
            "homepage": "http://vfs.bovigo.org/",
            "time": "2012-08-25 12:49:29"
        }
    ],
    "aliases": [],
    "minimum-stability": "stable",
    "stability-flags": [],
    "prefer-stable": false,
    "prefer-lowest": false,
    "platform": {
        "php": ">=5.2.4"
    },
    "platform-dev": []
}
